
Microsoft Visual Studio Solution File, Format Version 11.00
# Visual Studio 2010
Project("{FAE04EC0-301F-11D3-BF4B-00C04F79EFBC}") = "xbmc-jsonrpc-sharp", "xbmc-jsonrpc-sharp\xbmc-jsonrpc-sharp.csproj", "{FDD0FEA4-6C57-4364-BC06-3BA64995F3FB}"
EndProject
Project("{FAE04EC0-301F-11D3-BF4B-00C04F79EFBC}") = "Test", "Test\Test.csproj", "{CC4729D8-4B87-473A-B17D-A890AB54D4A4}"
EndProject
Global
	GlobalSection(SolutionConfigurationPlatforms) = preSolution
		Debug|Any CPU = Debug|Any CPU
		Debug|Mixed Platforms = Debug|Mixed Platforms
		Debug|x86 = Debug|x86
		Release|Any CPU = Release|Any CPU
		Release|Mixed Platforms = Release|Mixed Platforms
		Release|x86 = Release|x86
	EndGlobalSection
	GlobalSection(ProjectConfigurationPlatforms) = postSolution
		{FDD0FEA4-6C57-4364-BC06-3BA64995F3FB}.Debug|Any CPU.ActiveCfg = Debug|Any CPU
		{FDD0FEA4-6C57-4364-BC06-3BA64995F3FB}.Debug|Any CPU.Build.0 = Debug|Any CPU
		{FDD0FEA4-6C57-4364-BC06-3BA64995F3FB}.Debug|Mixed Platforms.ActiveCfg = Debug|Any CPU
		{FDD0FEA4-6C57-4364-BC06-3BA64995F3FB}.Debug|Mixed Platforms.Build.0 = Debug|Any CPU
		{FDD0FEA4-6C57-4364-BC06-3BA64995F3FB}.Debug|x86.ActiveCfg = Debug|Any CPU
		{FDD0FEA4-6C57-4364-BC06-3BA64995F3FB}.Release|Any CPU.ActiveCfg = Release|Any CPU
		{FDD0FEA4-6C57-4364-BC06-3BA64995F3FB}.Release|Any CPU.Build.0 = Release|Any CPU
		{FDD0FEA4-6C57-4364-BC06-3BA64995F3FB}.Release|Mixed Platforms.ActiveCfg = Release|Any CPU
		{FDD0FEA4-6C57-4364-BC06-3BA64995F3FB}.Release|Mixed Platforms.Build.0 = Release|Any CPU
		{FDD0FEA4-6C57-4364-BC06-3BA64995F3FB}.Release|x86.ActiveCfg = Release|Any CPU
		{CC4729D8-4B87-473A-B17D-A890AB54D4A4}.Debug|Any CPU.ActiveCfg = Debug|x86
		{CC4729D8-4B87-473A-B17D-A890AB54D4A4}.Debug|Mixed Platforms.ActiveCfg = Debug|x86
		{CC4729D8-4B87-473A-B17D-A890AB54D4A4}.Debug|Mixed Platforms.Build.0 = Debug|x86
		{CC4729D8-4B87-473A-B17D-A890AB54D4A4}.Debug|x86.ActiveCfg = Debug|x86
		{CC4729D8-4B87-473A-B17D-A890AB54D4A4}.Debug|x86.Build.0 = Debug|x86
		{CC4729D8-4B87-473A-B17D-A890AB54D4A4}.Release|Any CPU.ActiveCfg = Release|x86
		{CC4729D8-4B87-473A-B17D-A890AB54D4A4}.Release|Mixed Platforms.ActiveCfg = Release|x86
		{CC4729D8-4B87-473A-B17D-A890AB54D4A4}.Release|Mixed Platforms.Build.0 = Release|x86
		{CC4729D8-4B87-473A-B17D-A890AB54D4A4}.Release|x86.ActiveCfg = Release|x86
		{CC4729D8-4B87-473A-B17D-A890AB54D4A4}.Release|x86.Build.0 = Release|x86
	EndGlobalSection
	GlobalSection(SolutionProperties) = preSolution
		HideSolutionNode = FALSE
	EndGlobalSection
EndGlobal
